# Tests pass with these versions 2024-04-28
# pip install --no-deps -r tests/requirements.lock
beautifulsoup4==4.12.3
hjson==3.1.0
mo-collections==5.608.24119
mo-dots==9.606.24115
mo-future==7.584.24095
mo-imports==7.584.24095
mo-kwargs==7.606.24115
mo-logs==8.608.24119
mo-math==7.606.24115
mo-testing==8.608.24119
mo-threads==6.608.24119
mo-times==5.609.24119
pytz==2024.1
soupsieve==2.5